
Microsoft Visual Studio Solution File, Format Version 12.00
# Visual Studio Version 16
VisualStudioVersion = 16.0.31112.23
MinimumVisualStudioVersion = 10.0.40219.1
Project("{9A19103F-16F7-4668-BE54-9A1E7A4F7556}") = "SimpleApp", "SimpleApp\SimpleApp.csproj", "{AE8DCEFF-3A0C-43B5-A2C8-EF628F9CCF9F}"
EndProject
Project("{FAE04EC0-301F-11D3-BF4B-00C04F79EFBC}") = "SimpleApp.Tests", "SimpleApp.Tests\SimpleApp.Tests.csproj", "{B9C81E81-5FD6-4E1C-8905-327158F936B7}"
EndProject
Global
	GlobalSection(SolutionConfigurationPlatforms) = preSolution
		Debug|Any CPU = Debug|Any CPU
		Release|Any CPU = Release|Any CPU
	EndGlobalSection
	GlobalSection(ProjectConfigurationPlatforms) = postSolution
		{AE8DCEFF-3A0C-43B5-A2C8-EF628F9CCF9F}.Debug|Any CPU.ActiveCfg = Debug|Any CPU
		{AE8DCEFF-3A0C-43B5-A2C8-EF628F9CCF9F}.Debug|Any CPU.Build.0 = Debug|Any CPU
		{AE8DCEFF-3A0C-43B5-A2C8-EF628F9CCF9F}.Release|Any CPU.ActiveCfg = Release|Any CPU
		{AE8DCEFF-3A0C-43B5-A2C8-EF628F9CCF9F}.Release|Any CPU.Build.0 = Release|Any CPU
		{B9C81E81-5FD6-4E1C-8905-327158F936B7}.Debug|Any CPU.ActiveCfg = Debug|Any CPU
		{B9C81E81-5FD6-4E1C-8905-327158F936B7}.Debug|Any CPU.Build.0 = Debug|Any CPU
		{B9C81E81-5FD6-4E1C-8905-327158F936B7}.Release|Any CPU.ActiveCfg = Release|Any CPU
		{B9C81E81-5FD6-4E1C-8905-327158F936B7}.Release|Any CPU.Build.0 = Release|Any CPU
	EndGlobalSection
	GlobalSection(SolutionProperties) = preSolution
		HideSolutionNode = FALSE
	EndGlobalSection
	GlobalSection(ExtensibilityGlobals) = postSolution
		SolutionGuid = {FE954612-9038-4243-B170-507CF90E8654}
	EndGlobalSection
EndGlobal
