
Microsoft Visual Studio Solution File, Format Version 12.00
# Visual Studio Version 16
VisualStudioVersion = 16.6.30114.105
MinimumVisualStudioVersion = 10.0.40219.1
Project("{9A19103F-16F7-4668-BE54-9A1E7A4F7556}") = "Platform", "Platform.csproj", "{7870EA0D-157B-475D-81F4-082AF04545C9}"
EndProject
Project("{FAE04EC0-301F-11D3-BF4B-00C04F79EFBC}") = "MiscMVCWebApp", "..\MiscMVCWebApp\MiscMVCWebApp.csproj", "{932D2993-FAC2-46C5-BF0C-B2674533E9D9}"
EndProject
Global
	GlobalSection(SolutionConfigurationPlatforms) = preSolution
		Debug|Any CPU = Debug|Any CPU
		Debug|x64 = Debug|x64
		Debug|x86 = Debug|x86
		Release|Any CPU = Release|Any CPU
		Release|x64 = Release|x64
		Release|x86 = Release|x86
	EndGlobalSection
	GlobalSection(ProjectConfigurationPlatforms) = postSolution
		{7870EA0D-157B-475D-81F4-082AF04545C9}.Debug|Any CPU.ActiveCfg = Debug|Any CPU
		{7870EA0D-157B-475D-81F4-082AF04545C9}.Debug|Any CPU.Build.0 = Debug|Any CPU
		{7870EA0D-157B-475D-81F4-082AF04545C9}.Debug|x64.ActiveCfg = Debug|Any CPU
		{7870EA0D-157B-475D-81F4-082AF04545C9}.Debug|x64.Build.0 = Debug|Any CPU
		{7870EA0D-157B-475D-81F4-082AF04545C9}.Debug|x86.ActiveCfg = Debug|Any CPU
		{7870EA0D-157B-475D-81F4-082AF04545C9}.Debug|x86.Build.0 = Debug|Any CPU
		{7870EA0D-157B-475D-81F4-082AF04545C9}.Release|Any CPU.ActiveCfg = Release|Any CPU
		{7870EA0D-157B-475D-81F4-082AF04545C9}.Release|Any CPU.Build.0 = Release|Any CPU
		{7870EA0D-157B-475D-81F4-082AF04545C9}.Release|x64.ActiveCfg = Release|Any CPU
		{7870EA0D-157B-475D-81F4-082AF04545C9}.Release|x64.Build.0 = Release|Any CPU
		{7870EA0D-157B-475D-81F4-082AF04545C9}.Release|x86.ActiveCfg = Release|Any CPU
		{7870EA0D-157B-475D-81F4-082AF04545C9}.Release|x86.Build.0 = Release|Any CPU
		{932D2993-FAC2-46C5-BF0C-B2674533E9D9}.Debug|Any CPU.ActiveCfg = Debug|Any CPU
		{932D2993-FAC2-46C5-BF0C-B2674533E9D9}.Debug|Any CPU.Build.0 = Debug|Any CPU
		{932D2993-FAC2-46C5-BF0C-B2674533E9D9}.Debug|x64.ActiveCfg = Debug|Any CPU
		{932D2993-FAC2-46C5-BF0C-B2674533E9D9}.Debug|x64.Build.0 = Debug|Any CPU
		{932D2993-FAC2-46C5-BF0C-B2674533E9D9}.Debug|x86.ActiveCfg = Debug|Any CPU
		{932D2993-FAC2-46C5-BF0C-B2674533E9D9}.Debug|x86.Build.0 = Debug|Any CPU
		{932D2993-FAC2-46C5-BF0C-B2674533E9D9}.Release|Any CPU.ActiveCfg = Release|Any CPU
		{932D2993-FAC2-46C5-BF0C-B2674533E9D9}.Release|Any CPU.Build.0 = Release|Any CPU
		{932D2993-FAC2-46C5-BF0C-B2674533E9D9}.Release|x64.ActiveCfg = Release|Any CPU
		{932D2993-FAC2-46C5-BF0C-B2674533E9D9}.Release|x64.Build.0 = Release|Any CPU
		{932D2993-FAC2-46C5-BF0C-B2674533E9D9}.Release|x86.ActiveCfg = Release|Any CPU
		{932D2993-FAC2-46C5-BF0C-B2674533E9D9}.Release|x86.Build.0 = Release|Any CPU
	EndGlobalSection
	GlobalSection(SolutionProperties) = preSolution
		HideSolutionNode = FALSE
	EndGlobalSection
	GlobalSection(ExtensibilityGlobals) = postSolution
		SolutionGuid = {FD68445F-815F-41D8-A259-E49EDBDF6191}
	EndGlobalSection
EndGlobal
